
Microsoft Visual Studio Solution File, Format Version 12.00
# Visual Studio Version 17
VisualStudioVersion = 17.3.32825.248
MinimumVisualStudioVersion = 10.0.40219.1
Project("{8BC9CEB8-8B4A-11D0-8D11-00A0C91BC942}") = "Renderer", "Renderer\Renderer.vcxproj", "{5E8BBC4C-EDC9-4113-8439-DBAABAC4294B}"
EndProject
Global
	GlobalSection(SolutionConfigurationPlatforms) = preSolution
		Debug|x64 = Debug|x64
		Release|x64 = Release|x64
	EndGlobalSection
	GlobalSection(ProjectConfigurationPlatforms) = postSolution
		{5E8BBC4C-EDC9-4113-8439-DBAABAC4294B}.Debug|x64.ActiveCfg = Debug|x64
		{5E8BBC4C-EDC9-4113-8439-DBAABAC4294B}.Debug|x64.Build.0 = Debug|x64
		{5E8BBC4C-EDC9-4113-8439-DBAABAC4294B}.Release|x64.ActiveCfg = Release|x64
		{5E8BBC4C-EDC9-4113-8439-DBAABAC4294B}.Release|x64.Build.0 = Release|x64
	EndGlobalSection
	GlobalSection(SolutionProperties) = preSolution
		HideSolutionNode = FALSE
	EndGlobalSection
	GlobalSection(ExtensibilityGlobals) = postSolution
		SolutionGuid = {448E3480-0533-4EB8-939A-7FED2307E74F}
	EndGlobalSection
EndGlobal
